// !$*UTF8*$!
{
	archiveVersion = 1;
	classes = {
	};
	objectVersion = 46;
	objects = {

/* Begin PBXBuildFile section */
		A536717F1B81C319009B850C /* main.m in Sources */ = {isa = PBXBuildFile; fileRef = A536717E1B81C319009B850C /* main.m */; };
		A53671821B81C319009B850C /* AppDelegate.m in Sources */ = {isa = PBXBuildFile; fileRef = A53671811B81C319009B850C /* AppDelegate.m */; };
		A53671851B81C319009B850C /* ViewController.m in Sources */ = {isa = PBXBuildFile; fileRef = A53671841B81C319009B850C /* ViewController.m */; };
		A53671881B81C319009B850C /* Main.storyboard in Resources */ = {isa = PBXBuildFile; fileRef = A53671861B81C319009B850C /* Main.storyboard */; };
		A536718A1B81C319009B850C /* Images.xcassets in Resources */ = {isa = PBXBuildFile; fileRef = A53671891B81C319009B850C /* Images.xcassets */; };
		A536718D1B81C319009B850C /* LaunchScreen.xib in Resources */ = {isa = PBXBuildFile; fileRef = A536718B1B81C319009B850C /* LaunchScreen.xib */; };
		A53671991B81C319009B850C /* SCSrollViewDemoTests.m in Sources */ = {isa = PBXBuildFile; fileRef = A53671981B81C319009B850C /* SCSrollViewDemoTests.m */; };
		A53671A51B81C383009B850C /* SCTabBtnScrollView.m in Sources */ = {isa = PBXBuildFile; fileRef = A53671A41B81C383009B850C /* SCTabBtnScrollView.m */; };
/* End PBXBuildFile section */

/* Begin PBXContainerItemProxy section */
		A53671931B81C319009B850C /* PBXContainerItemProxy */ = {
			isa = PBXContainerItemProxy;
			containerPortal = A53671711B81C319009B850C /* Project object */;
			proxyType = 1;
			remoteGlobalIDString = A53671781B81C319009B850C;
			remoteInfo = SCSrollViewDemo;
		};
/* End PBXContainerItemProxy section */

/* Begin PBXFileReference section */
		A53671791B81C319009B850C /* SCSrollViewDemo.app */ = {isa = PBXFileReference; explicitFileType = wrapper.application; includeInIndex = 0; path = SCSrollViewDemo.app; sourceTree = BUILT_PRODUCTS_DIR; };
		A536717D1B81C319009B850C /* Info.plist */ = {isa = PBXFileReference; lastKnownFileType = text.plist.xml; path = Info.plist; sourceTree = "<group>"; };
		A536717E1B81C319009B850C /* main.m */ = {isa = PBXFileReference; lastKnownFileType = sourcecode.c.objc; path = main.m; sourceTree = "<group>"; };
		A53671801B81C319009B850C /* AppDelegate.h */ = {isa = PBXFileReference; lastKnownFileType = sourcecode.c.h; path = AppDelegate.h; sourceTree = "<group>"; };
		A53671811B81C319009B850C /* AppDelegate.m */ = {isa = PBXFileReference; lastKnownFileType = sourcecode.c.objc; path = AppDelegate.m; sourceTree = "<group>"; };
		A53671831B81C319009B850C /* ViewController.h */ = {isa = PBXFileReference; lastKnownFileType = sourcecode.c.h; path = ViewController.h; sourceTree = "<group>"; };
		A53671841B81C319009B850C /* ViewController.m */ = {isa = PBXFileReference; lastKnownFileType = sourcecode.c.objc; path = ViewController.m; sourceTree = "<group>"; };
		A53671871B81C319009B850C /* Base */ = {isa = PBXFileReference; lastKnownFileType = file.storyboard; name = Base; path = Base.lproj/Main.storyboard; sourceTree = "<group>"; };
		A53671891B81C319009B850C /* Images.xcassets */ = {isa = PBXFileReference; lastKnownFileType = folder.assetcatalog; path = Images.xcassets; sourceTree = "<group>"; };
		A536718C1B81C319009B850C /* Base */ = {isa = PBXFileReference; lastKnownFileType = file.xib; name = Base; path = Base.lproj/LaunchScreen.xib; sourceTree = "<group>"; };
		A53671921B81C319009B850C /* SCSrollViewDemoTests.xctest */ = {isa = PBXFileReference; explicitFileType = wrapper.cfbundle; includeInIndex = 0; path = SCSrollViewDemoTests.xctest; sourceTree = BUILT_PRODUCTS_DIR; };
		A53671971B81C319009B850C /* Info.plist */ = {isa = PBXFileReference; lastKnownFileType = text.plist.xml; path = Info.plist; sourceTree = "<group>"; };
		A53671981B81C319009B850C /* SCSrollViewDemoTests.m */ = {isa = PBXFileReference; lastKnownFileType = sourcecode.c.objc; path = SCSrollViewDemoTests.m; sourceTree = "<group>"; };
		A53671A31B81C383009B850C /* SCTabBtnScrollView.h */ = {isa = PBXFileReference; fileEncoding = 4; lastKnownFileType = sourcecode.c.h; path = SCTabBtnScrollView.h; sourceTree = "<group>"; };
		A53671A41B81C383009B850C /* SCTabBtnScrollView.m */ = {isa = PBXFileReference; fileEncoding = 4; lastKnownFileType = sourcecode.c.objc; path = SCTabBtnScrollView.m; sourceTree = "<group>"; };
/* End PBXFileReference section */

/* Begin PBXFrameworksBuildPhase section */
		A53671761B81C319009B850C /* Frameworks */ = {
			isa = PBXFrameworksBuildPhase;
			buildActionMask = 2147483647;
			files = (
			);
			runOnlyForDeploymentPostprocessing = 0;
		};
		A536718F1B81C319009B850C /* Frameworks */ = {
			isa = PBXFrameworksBuildPhase;
			buildActionMask = 2147483647;
			files = (
			);
			runOnlyForDeploymentPostprocessing = 0;
		};
/* End PBXFrameworksBuildPhase section */

/* Begin PBXGroup section */
		A53671701B81C319009B850C = {
			isa = PBXGroup;
			children = (
				A536717B1B81C319009B850C /* SCSrollViewDemo */,
				A53671951B81C319009B850C /* SCSrollViewDemoTests */,
				A536717A1B81C319009B850C /* Products */,
			);
			sourceTree = "<group>";
		};
		A536717A1B81C319009B850C /* Products */ = {
			isa = PBXGroup;
			children = (
				A53671791B81C319009B850C /* SCSrollViewDemo.app */,
				A53671921B81C319009B850C /* SCSrollViewDemoTests.xctest */,
			);
			name = Products;
			sourceTree = "<group>";
		};
		A536717B1B81C319009B850C /* SCSrollViewDemo */ = {
			isa = PBXGroup;
			children = (
				A53671A21B81C336009B850C /* SCScrollView */,
				A53671801B81C319009B850C /* AppDelegate.h */,
				A53671811B81C319009B850C /* AppDelegate.m */,
				A53671831B81C319009B850C /* ViewController.h */,
				A53671841B81C319009B850C /* ViewController.m */,
				A53671861B81C319009B850C /* Main.storyboard */,
				A53671891B81C319009B850C /* Images.xcassets */,
				A536718B1B81C319009B850C /* LaunchScreen.xib */,
				A536717C1B81C319009B850C /* Supporting Files */,
			);
			path = SCSrollViewDemo;
			sourceTree = "<group>";
		};
		A536717C1B81C319009B850C /* Supporting Files */ = {
			isa = PBXGroup;
			children = (
				A536717D1B81C319009B850C /* Info.plist */,
				A536717E1B81C319009B850C /* main.m */,
			);
			name = "Supporting Files";
			sourceTree = "<group>";
		};
		A53671951B81C319009B850C /* SCSrollViewDemoTests */ = {
			isa = PBXGroup;
			children = (
				A53671981B81C319009B850C /* SCSrollViewDemoTests.m */,
				A53671961B81C319009B850C /* Supporting Files */,
			);
			path = SCSrollViewDemoTests;
			sourceTree = "<group>";
		};
		A53671961B81C319009B850C /* Supporting Files */ = {
			isa = PBXGroup;
			children = (
				A53671971B81C319009B850C /* Info.plist */,
			);
			name = "Supporting Files";
			sourceTree = "<group>";
		};
		A53671A21B81C336009B850C /* SCScrollView */ = {
			isa = PBXGroup;
			children = (
				A53671A31B81C383009B850C /* SCTabBtnScrollView.h */,
				A53671A41B81C383009B850C /* SCTabBtnScrollView.m */,
			);
			path = SCScrollView;
			sourceTree = "<group>";
		};
/* End PBXGroup section */

/* Begin PBXNativeTarget section */
		A53671781B81C319009B850C /* SCSrollViewDemo */ = {
			isa = PBXNativeTarget;
			buildConfigurationList = A536719C1B81C319009B850C /* Build configuration list for PBXNativeTarget "SCSrollViewDemo" */;
			buildPhases = (
				A53671751B81C319009B850C /* Sources */,
				A53671761B81C319009B850C /* Frameworks */,
				A53671771B81C319009B850C /* Resources */,
			);
			buildRules = (
			);
			dependencies = (
			);
			name = SCSrollViewDemo;
			productName = SCSrollViewDemo;
			productReference = A53671791B81C319009B850C /* SCSrollViewDemo.app */;
			productType = "com.apple.product-type.application";
		};
		A53671911B81C319009B850C /* SCSrollViewDemoTests */ = {
			isa = PBXNativeTarget;
			buildConfigurationList = A536719F1B81C319009B850C /* Build configuration list for PBXNativeTarget "SCSrollViewDemoTests" */;
			buildPhases = (
				A536718E1B81C319009B850C /* Sources */,
				A536718F1B81C319009B850C /* Frameworks */,
				A53671901B81C319009B850C /* Resources */,
			);
			buildRules = (
			);
			dependencies = (
				A53671941B81C319009B850C /* PBXTargetDependency */,
			);
			name = SCSrollViewDemoTests;
			productName = SCSrollViewDemoTests;
			productReference = A53671921B81C319009B850C /* SCSrollViewDemoTests.xctest */;
			productType = "com.apple.product-type.bundle.unit-test";
		};
/* End PBXNativeTarget section */

/* Begin PBXProject section */
		A53671711B81C319009B850C /* Project object */ = {
			isa = PBXProject;
			attributes = {
				LastUpgradeCheck = 0630;
				ORGANIZATIONNAME = Sunc;
				TargetAttributes = {
					A53671781B81C319009B850C = {
						CreatedOnToolsVersion = 6.3;
					};
					A53671911B81C319009B850C = {
						CreatedOnToolsVersion = 6.3;
						TestTargetID = A53671781B81C319009B850C;
					};
				};
			};
			buildConfigurationList = A53671741B81C319009B850C /* Build configuration list for PBXProject "SCSrollViewDemo" */;
			compatibilityVersion = "Xcode 3.2";
			developmentRegion = English;
			hasScannedForEncodings = 0;
			knownRegions = (
				en,
				Base,
			);
			mainGroup = A53671701B81C319009B850C;
			productRefGroup = A536717A1B81C319009B850C /* Products */;
			projectDirPath = "";
			projectRoot = "";
			targets = (
				A53671781B81C319009B850C /* SCSrollViewDemo */,
				A53671911B81C319009B850C /* SCSrollViewDemoTests */,
			);
		};
/* End PBXProject section */

/* Begin PBXResourcesBuildPhase section */
		A53671771B81C319009B850C /* Resources */ = {
			isa = PBXResourcesBuildPhase;
			buildActionMask = 2147483647;
			files = (
				A53671881B81C319009B850C /* Main.storyboard in Resources */,
				A536718D1B81C319009B850C /* LaunchScreen.xib in Resources */,
				A536718A1B81C319009B850C /* Images.xcassets in Resources */,
			);
			runOnlyForDeploymentPostprocessing = 0;
		};
		A53671901B81C319009B850C /* Resources */ = {
			isa = PBXResourcesBuildPhase;
			buildActionMask = 2147483647;
			files = (
			);
			runOnlyForDeploymentPostprocessing = 0;
		};
/* End PBXResourcesBuildPhase section */

/* Begin PBXSourcesBuildPhase section */
		A53671751B81C319009B850C /* Sources */ = {
			isa = PBXSourcesBuildPhase;
			buildActionMask = 2147483647;
			files = (
				A53671851B81C319009B850C /* ViewController.m in Sources */,
				A53671821B81C319009B850C /* AppDelegate.m in Sources */,
				A53671A51B81C383009B850C /* SCTabBtnScrollView.m in Sources */,
				A536717F1B81C319009B850C /* main.m in Sources */,
			);
			runOnlyForDeploymentPostprocessing = 0;
		};
		A536718E1B81C319009B850C /* Sources */ = {
			isa = PBXSourcesBuildPhase;
			buildActionMask = 2147483647;
			files = (
				A53671991B81C319009B850C /* SCSrollViewDemoTests.m in Sources */,
			);
			runOnlyForDeploymentPostprocessing = 0;
		};
/* End PBXSourcesBuildPhase section */

/* Begin PBXTargetDependency section */
		A53671941B81C319009B850C /* PBXTargetDependency */ = {
			isa = PBXTargetDependency;
			target = A53671781B81C319009B850C /* SCSrollViewDemo */;
			targetProxy = A53671931B81C319009B850C /* PBXContainerItemProxy */;
		};
/* End PBXTargetDependency section */

/* Begin PBXVariantGroup section */
		A53671861B81C319009B850C /* Main.storyboard */ = {
			isa = PBXVariantGroup;
			children = (
				A53671871B81C319009B850C /* Base */,
			);
			name = Main.storyboard;
			sourceTree = "<group>";
		};
		A536718B1B81C319009B850C /* LaunchScreen.xib */ = {
			isa = PBXVariantGroup;
			children = (
				A536718C1B81C319009B850C /* Base */,
			);
			name = LaunchScreen.xib;
			sourceTree = "<group>";
		};
/* End PBXVariantGroup section */

/* Begin XCBuildConfiguration section */
		A536719A1B81C319009B850C /* Debug */ = {
			isa = XCBuildConfiguration;
			buildSettings = {
				ALWAYS_SEARCH_USER_PATHS = NO;
				CLANG_CXX_LANGUAGE_STANDARD = "gnu++0x";
				CLANG_CXX_LIBRARY = "libc++";
				CLANG_ENABLE_MODULES = YES;
				CLANG_ENABLE_OBJC_ARC = YES;
				CLANG_WARN_BOOL_CONVERSION = YES;
				CLANG_WARN_CONSTANT_CONVERSION = YES;
				CLANG_WARN_DIRECT_OBJC_ISA_USAGE = YES_ERROR;
				CLANG_WARN_EMPTY_BODY = YES;
				CLANG_WARN_ENUM_CONVERSION = YES;
				CLANG_WARN_INT_CONVERSION = YES;
				CLANG_WARN_OBJC_ROOT_CLASS = YES_ERROR;
				CLANG_WARN_UNREACHABLE_CODE = YES;
				CLANG_WARN__DUPLICATE_METHOD_MATCH = YES;
				"CODE_SIGN_IDENTITY[sdk=iphoneos*]" = "iPhone Developer";
				COPY_PHASE_STRIP = NO;
				DEBUG_INFORMATION_FORMAT = "dwarf-with-dsym";
				ENABLE_STRICT_OBJC_MSGSEND = YES;
				GCC_C_LANGUAGE_STANDARD = gnu99;
				GCC_DYNAMIC_NO_PIC = NO;
				GCC_NO_COMMON_BLOCKS = YES;
				GCC_OPTIMIZATION_LEVEL = 0;
				GCC_PREPROCESSOR_DEFINITIONS = (
					"DEBUG=1",
					"$(inherited)",
				);
				GCC_SYMBOLS_PRIVATE_EXTERN = NO;
				GCC_WARN_64_TO_32_BIT_CONVERSION = YES;
				GCC_WARN_ABOUT_RETURN_TYPE = YES_ERROR;
				GCC_WARN_UNDECLARED_SELECTOR = YES;
				GCC_WARN_UNINITIALIZED_AUTOS = YES_AGGRESSIVE;
				GCC_WARN_UNUSED_FUNCTION = YES;
				GCC_WARN_UNUSED_VARIABLE = YES;
				IPHONEOS_DEPLOYMENT_TARGET = 8.3;
				MTL_ENABLE_DEBUG_INFO = YES;
				ONLY_ACTIVE_ARCH = YES;
				SDKROOT = iphoneos;
			};
			name = Debug;
		};
		A536719B1B81C319009B850C /* Release */ = {
			isa = XCBuildConfiguration;
			buildSettings = {
				ALWAYS_SEARCH_USER_PATHS = NO;
				CLANG_CXX_LANGUAGE_STANDARD = "gnu++0x";
				CLANG_CXX_LIBRARY = "libc++";
				CLANG_ENABLE_MODULES = YES;
				CLANG_ENABLE_OBJC_ARC = YES;
				CLANG_WARN_BOOL_CONVERSION = YES;
				CLANG_WARN_CONSTANT_CONVERSION = YES;
				CLANG_WARN_DIRECT_OBJC_ISA_USAGE = YES_ERROR;
				CLANG_WARN_EMPTY_BODY = YES;
				CLANG_WARN_ENUM_CONVERSION = YES;
				CLANG_WARN_INT_CONVERSION = YES;
				CLANG_WARN_OBJC_ROOT_CLASS = YES_ERROR;
				CLANG_WARN_UNREACHABLE_CODE = YES;
				CLANG_WARN__DUPLICATE_METHOD_MATCH = YES;
				"CODE_SIGN_IDENTITY[sdk=iphoneos*]" = "iPhone Developer";
				COPY_PHASE_STRIP = NO;
				DEBUG_INFORMATION_FORMAT = "dwarf-with-dsym";
				ENABLE_NS_ASSERTIONS = NO;
				ENABLE_STRICT_OBJC_MSGSEND = YES;
				GCC_C_LANGUAGE_STANDARD = gnu99;
				GCC_NO_COMMON_BLOCKS = YES;
				GCC_WARN_64_TO_32_BIT_CONVERSION = YES;
				GCC_WARN_ABOUT_RETURN_TYPE = YES_ERROR;
				GCC_WARN_UNDECLARED_SELECTOR = YES;
				GCC_WARN_UNINITIALIZED_AUTOS = YES_AGGRESSIVE;
				GCC_WARN_UNUSED_FUNCTION = YES;
				GCC_WARN_UNUSED_VARIABLE = YES;
				IPHONEOS_DEPLOYMENT_TARGET = 8.3;
				MTL_ENABLE_DEBUG_INFO = NO;
				SDKROOT = iphoneos;
				VALIDATE_PRODUCT = YES;
			};
			name = Release;
		};
		A536719D1B81C319009B850C /* Debug */ = {
			isa = XCBuildConfiguration;
			buildSettings = {
				ASSETCATALOG_COMPILER_APPICON_NAME = AppIcon;
				INFOPLIST_FILE = SCSrollViewDemo/Info.plist;
				LD_RUNPATH_SEARCH_PATHS = "$(inherited) @executable_path/Frameworks";
				PRODUCT_NAME = "$(TARGET_NAME)";
			};
			name = Debug;
		};
		A536719E1B81C319009B850C /* Release */ = {
			isa = XCBuildConfiguration;
			buildSettings = {
				ASSETCATALOG_COMPILER_APPICON_NAME = AppIcon;
				INFOPLIST_FILE = SCSrollViewDemo/Info.plist;
				LD_RUNPATH_SEARCH_PATHS = "$(inherited) @executable_path/Frameworks";
				PRODUCT_NAME = "$(TARGET_NAME)";
			};
			name = Release;
		};
		A53671A01B81C319009B850C /* Debug */ = {
			isa = XCBuildConfiguration;
			buildSettings = {
				BUNDLE_LOADER = "$(TEST_HOST)";
				FRAMEWORK_SEARCH_PATHS = (
					"$(SDKROOT)/Developer/Library/Frameworks",
					"$(inherited)",
				);
				GCC_PREPROCESSOR_DEFINITIONS = (
					"DEBUG=1",
					"$(inherited)",
				);
				INFOPLIST_FILE = SCSrollViewDemoTests/Info.plist;
				LD_RUNPATH_SEARCH_PATHS = "$(inherited) @executable_path/Frameworks @loader_path/Frameworks";
				PRODUCT_NAME = "$(TARGET_NAME)";
				TEST_HOST = "$(BUILT_PRODUCTS_DIR)/SCSrollViewDemo.app/SCSrollViewDemo";
			};
			name = Debug;
		};
		A53671A11B81C319009B850C /* Release */ = {
			isa = XCBuildConfiguration;
			buildSettings = {
				BUNDLE_LOADER = "$(TEST_HOST)";
				FRAMEWORK_SEARCH_PATHS = (
					"$(SDKROOT)/Developer/Library/Frameworks",
					"$(inherited)",
				);
				INFOPLIST_FILE = SCSrollViewDemoTests/Info.plist;
				LD_RUNPATH_SEARCH_PATHS = "$(inherited) @executable_path/Frameworks @loader_path/Frameworks";
				PRODUCT_NAME = "$(TARGET_NAME)";
				TEST_HOST = "$(BUILT_PRODUCTS_DIR)/SCSrollViewDemo.app/SCSrollViewDemo";
			};
			name = Release;
		};
/* End XCBuildConfiguration section */

/* Begin XCConfigurationList section */
		A53671741B81C319009B850C /* Build configuration list for PBXProject "SCSrollViewDemo" */ = {
			isa = XCConfigurationList;
			buildConfigurations = (
				A536719A1B81C319009B850C /* Debug */,
				A536719B1B81C319009B850C /* Release */,
			);
			defaultConfigurationIsVisible = 0;
			defaultConfigurationName = Release;
		};
		A536719C1B81C319009B850C /* Build configuration list for PBXNativeTarget "SCSrollViewDemo" */ = {
			isa = XCConfigurationList;
			buildConfigurations = (
				A536719D1B81C319009B850C /* Debug */,
				A536719E1B81C319009B850C /* Release */,
			);
			defaultConfigurationIsVisible = 0;
		};
		A536719F1B81C319009B850C /* Build configuration list for PBXNativeTarget "SCSrollViewDemoTests" */ = {
			isa = XCConfigurationList;
			buildConfigurations = (
				A53671A01B81C319009B850C /* Debug */,
				A53671A11B81C319009B850C /* Release */,
			);
			defaultConfigurationIsVisible = 0;
		};
/* End XCConfigurationList section */
	};
	rootObject = A53671711B81C319009B850C /* Project object */;
}
